// !$*UTF8*$!
{
	archiveVersion = 1;
	classes = {
	};
	objectVersion = 56;
	objects = {

/* Begin PBXBuildFile section */
		35EF25BF2A73DB5900BEA5F6 /* AppDelegate.swift in Sources */ = {isa = PBXBuildFile; fileRef = 35EF25BE2A73DB5900BEA5F6 /* AppDelegate.swift */; };
		35EF25C12A73DB5900BEA5F6 /* SceneDelegate.swift in Sources */ = {isa = PBXBuildFile; fileRef = 35EF25C02A73DB5900BEA5F6 /* SceneDelegate.swift */; };
		35EF25C32A73DB5900BEA5F6 /* ViewController.swift in Sources */ = {isa = PBXBuildFile; fileRef = 35EF25C22A73DB5900BEA5F6 /* ViewController.swift */; };
		35EF25C62A73DB5900BEA5F6 /* Main.storyboard in Resources */ = {isa = PBXBuildFile; fileRef = 35EF25C42A73DB5900BEA5F6 /* Main.storyboard */; };
		35EF25C82A73DB5B00BEA5F6 /* Assets.xcassets in Resources */ = {isa = PBXBuildFile; fileRef = 35EF25C72A73DB5B00BEA5F6 /* Assets.xcassets */; };
		35EF25CB2A73DB5B00BEA5F6 /* LaunchScreen.storyboard in Resources */ = {isa = PBXBuildFile; fileRef = 35EF25C92A73DB5B00BEA5F6 /* LaunchScreen.storyboard */; };
		35EF25D62A73DB5B00BEA5F6 /* SignInTests.swift in Sources */ = {isa = PBXBuildFile; fileRef = 35EF25D52A73DB5B00BEA5F6 /* SignInTests.swift */; };
		35EF25E02A73DB5B00BEA5F6 /* SignInUITests.swift in Sources */ = {isa = PBXBuildFile; fileRef = 35EF25DF2A73DB5B00BEA5F6 /* SignInUITests.swift */; };
		35EF25E22A73DB5B00BEA5F6 /* SignInUITestsLaunchTests.swift in Sources */ = {isa = PBXBuildFile; fileRef = 35EF25E12A73DB5B00BEA5F6 /* SignInUITestsLaunchTests.swift */; };
/* End PBXBuildFile section */

/* Begin PBXContainerItemProxy section */
		35EF25D22A73DB5B00BEA5F6 /* PBXContainerItemProxy */ = {
			isa = PBXContainerItemProxy;
			containerPortal = 35EF25B32A73DB5900BEA5F6 /* Project object */;
			proxyType = 1;
			remoteGlobalIDString = 35EF25BA2A73DB5900BEA5F6;
			remoteInfo = SignIn;
		};
		35EF25DC2A73DB5B00BEA5F6 /* PBXContainerItemProxy */ = {
			isa = PBXContainerItemProxy;
			containerPortal = 35EF25B32A73DB5900BEA5F6 /* Project object */;
			proxyType = 1;
			remoteGlobalIDString = 35EF25BA2A73DB5900BEA5F6;
			remoteInfo = SignIn;
		};
/* End PBXContainerItemProxy section */

/* Begin PBXFileReference section */
		35EF25BB2A73DB5900BEA5F6 /* SignIn.app */ = {isa = PBXFileReference; explicitFileType = wrapper.application; includeInIndex = 0; path = SignIn.app; sourceTree = BUILT_PRODUCTS_DIR; };
		35EF25BE2A73DB5900BEA5F6 /* AppDelegate.swift */ = {isa = PBXFileReference; lastKnownFileType = sourcecode.swift; path = AppDelegate.swift; sourceTree = "<group>"; };
		35EF25C02A73DB5900BEA5F6 /* SceneDelegate.swift */ = {isa = PBXFileReference; lastKnownFileType = sourcecode.swift; path = SceneDelegate.swift; sourceTree = "<group>"; };
		35EF25C22A73DB5900BEA5F6 /* ViewController.swift */ = {isa = PBXFileReference; lastKnownFileType = sourcecode.swift; path = ViewController.swift; sourceTree = "<group>"; };
		35EF25C52A73DB5900BEA5F6 /* Base */ = {isa = PBXFileReference; lastKnownFileType = file.storyboard; name = Base; path = Base.lproj/Main.storyboard; sourceTree = "<group>"; };
		35EF25C72A73DB5B00BEA5F6 /* Assets.xcassets */ = {isa = PBXFileReference; lastKnownFileType = folder.assetcatalog; path = Assets.xcassets; sourceTree = "<group>"; };
		35EF25CA2A73DB5B00BEA5F6 /* Base */ = {isa = PBXFileReference; lastKnownFileType = file.storyboard; name = Base; path = Base.lproj/LaunchScreen.storyboard; sourceTree = "<group>"; };
		35EF25CC2A73DB5B00BEA5F6 /* Info.plist */ = {isa = PBXFileReference; lastKnownFileType = text.plist.xml; path = Info.plist; sourceTree = "<group>"; };
		35EF25D12A73DB5B00BEA5F6 /* SignInTests.xctest */ = {isa = PBXFileReference; explicitFileType = wrapper.cfbundle; includeInIndex = 0; path = SignInTests.xctest; sourceTree = BUILT_PRODUCTS_DIR; };
		35EF25D52A73DB5B00BEA5F6 /* SignInTests.swift */ = {isa = PBXFileReference; lastKnownFileType = sourcecode.swift; path = SignInTests.swift; sourceTree = "<group>"; };
		35EF25DB2A73DB5B00BEA5F6 /* SignInUITests.xctest */ = {isa = PBXFileReference; explicitFileType = wrapper.cfbundle; includeInIndex = 0; path = SignInUITests.xctest; sourceTree = BUILT_PRODUCTS_DIR; };
		35EF25DF2A73DB5B00BEA5F6 /* SignInUITests.swift */ = {isa = PBXFileReference; lastKnownFileType = sourcecode.swift; path = SignInUITests.swift; sourceTree = "<group>"; };
		35EF25E12A73DB5B00BEA5F6 /* SignInUITestsLaunchTests.swift */ = {isa = PBXFileReference; lastKnownFileType = sourcecode.swift; path = SignInUITestsLaunchTests.swift; sourceTree = "<group>"; };
/* End PBXFileReference section */

/* Begin PBXFrameworksBuildPhase section */
		35EF25B82A73DB5900BEA5F6 /* Frameworks */ = {
			isa = PBXFrameworksBuildPhase;
			buildActionMask = 2147483647;
			files = (
			);
			runOnlyForDeploymentPostprocessing = 0;
		};
		35EF25CE2A73DB5B00BEA5F6 /* Frameworks */ = {
			isa = PBXFrameworksBuildPhase;
			buildActionMask = 2147483647;
			files = (
			);
			runOnlyForDeploymentPostprocessing = 0;
		};
		35EF25D82A73DB5B00BEA5F6 /* Frameworks */ = {
			isa = PBXFrameworksBuildPhase;
			buildActionMask = 2147483647;
			files = (
			);
			runOnlyForDeploymentPostprocessing = 0;
		};
/* End PBXFrameworksBuildPhase section */

/* Begin PBXGroup section */
		35EF25B22A73DB5900BEA5F6 = {
			isa = PBXGroup;
			children = (
				35EF25BD2A73DB5900BEA5F6 /* SignIn */,
				35EF25D42A73DB5B00BEA5F6 /* SignInTests */,
				35EF25DE2A73DB5B00BEA5F6 /* SignInUITests */,
				35EF25BC2A73DB5900BEA5F6 /* Products */,
			);
			sourceTree = "<group>";
		};
		35EF25BC2A73DB5900BEA5F6 /* Products */ = {
			isa = PBXGroup;
			children = (
				35EF25BB2A73DB5900BEA5F6 /* SignIn.app */,
				35EF25D12A73DB5B00BEA5F6 /* SignInTests.xctest */,
				35EF25DB2A73DB5B00BEA5F6 /* SignInUITests.xctest */,
			);
			name = Products;
			sourceTree = "<group>";
		};
		35EF25BD2A73DB5900BEA5F6 /* SignIn */ = {
			isa = PBXGroup;
			children = (
				35EF25BE2A73DB5900BEA5F6 /* AppDelegate.swift */,
				35EF25C02A73DB5900BEA5F6 /* SceneDelegate.swift */,
				35EF25C22A73DB5900BEA5F6 /* ViewController.swift */,
				35EF25C42A73DB5900BEA5F6 /* Main.storyboard */,
				35EF25C72A73DB5B00BEA5F6 /* Assets.xcassets */,
				35EF25C92A73DB5B00BEA5F6 /* LaunchScreen.storyboard */,
				35EF25CC2A73DB5B00BEA5F6 /* Info.plist */,
			);
			path = SignIn;
			sourceTree = "<group>";
		};
		35EF25D42A73DB5B00BEA5F6 /* SignInTests */ = {
			isa = PBXGroup;
			children = (
				35EF25D52A73DB5B00BEA5F6 /* SignInTests.swift */,
			);
			path = SignInTests;
			sourceTree = "<group>";
		};
		35EF25DE2A73DB5B00BEA5F6 /* SignInUITests */ = {
			isa = PBXGroup;
			children = (
				35EF25DF2A73DB5B00BEA5F6 /* SignInUITests.swift */,
				35EF25E12A73DB5B00BEA5F6 /* SignInUITestsLaunchTests.swift */,
			);
			path = SignInUITests;
			sourceTree = "<group>";
		};
/* End PBXGroup section */

/* Begin PBXNativeTarget section */
		35EF25BA2A73DB5900BEA5F6 /* SignIn */ = {
			isa = PBXNativeTarget;
			buildConfigurationList = 35EF25E52A73DB5B00BEA5F6 /* Build configuration list for PBXNativeTarget "SignIn" */;
			buildPhases = (
				35EF25B72A73DB5900BEA5F6 /* Sources */,
				35EF25B82A73DB5900BEA5F6 /* Frameworks */,
				35EF25B92A73DB5900BEA5F6 /* Resources */,
			);
			buildRules = (
			);
			dependencies = (
			);
			name = SignIn;
			productName = SignIn;
			productReference = 35EF25BB2A73DB5900BEA5F6 /* SignIn.app */;
			productType = "com.apple.product-type.application";
		};
		35EF25D02A73DB5B00BEA5F6 /* SignInTests */ = {
			isa = PBXNativeTarget;
			buildConfigurationList = 35EF25E82A73DB5B00BEA5F6 /* Build configuration list for PBXNativeTarget "SignInTests" */;
			buildPhases = (
				35EF25CD2A73DB5B00BEA5F6 /* Sources */,
				35EF25CE2A73DB5B00BEA5F6 /* Frameworks */,
				35EF25CF2A73DB5B00BEA5F6 /* Resources */,
			);
			buildRules = (
			);
			dependencies = (
				35EF25D32A73DB5B00BEA5F6 /* PBXTargetDependency */,
			);
			name = SignInTests;
			productName = SignInTests;
			productReference = 35EF25D12A73DB5B00BEA5F6 /* SignInTests.xctest */;
			productType = "com.apple.product-type.bundle.unit-test";
		};
		35EF25DA2A73DB5B00BEA5F6 /* SignInUITests */ = {
			isa = PBXNativeTarget;
			buildConfigurationList = 35EF25EB2A73DB5B00BEA5F6 /* Build configuration list for PBXNativeTarget "SignInUITests" */;
			buildPhases = (
				35EF25D72A73DB5B00BEA5F6 /* Sources */,
				35EF25D82A73DB5B00BEA5F6 /* Frameworks */,
				35EF25D92A73DB5B00BEA5F6 /* Resources */,
			);
			buildRules = (
			);
			dependencies = (
				35EF25DD2A73DB5B00BEA5F6 /* PBXTargetDependency */,
			);
			name = SignInUITests;
			productName = SignInUITests;
			productReference = 35EF25DB2A73DB5B00BEA5F6 /* SignInUITests.xctest */;
			productType = "com.apple.product-type.bundle.ui-testing";
		};
/* End PBXNativeTarget section */

/* Begin PBXProject section */
		35EF25B32A73DB5900BEA5F6 /* Project object */ = {
			isa = PBXProject;
			attributes = {
				BuildIndependentTargetsInParallel = 1;
				LastSwiftUpdateCheck = 1430;
				LastUpgradeCheck = 1430;
				TargetAttributes = {
					35EF25BA2A73DB5900BEA5F6 = {
						CreatedOnToolsVersion = 14.3;
					};
					35EF25D02A73DB5B00BEA5F6 = {
						CreatedOnToolsVersion = 14.3;
						TestTargetID = 35EF25BA2A73DB5900BEA5F6;
					};
					35EF25DA2A73DB5B00BEA5F6 = {
						CreatedOnToolsVersion = 14.3;
						TestTargetID = 35EF25BA2A73DB5900BEA5F6;
					};
				};
			};
			buildConfigurationList = 35EF25B62A73DB5900BEA5F6 /* Build configuration list for PBXProject "SignIn" */;
			compatibilityVersion = "Xcode 14.0";
			developmentRegion = en;
			hasScannedForEncodings = 0;
			knownRegions = (
				en,
				Base,
			);
			mainGroup = 35EF25B22A73DB5900BEA5F6;
			productRefGroup = 35EF25BC2A73DB5900BEA5F6 /* Products */;
			projectDirPath = "";
			projectRoot = "";
			targets = (
				35EF25BA2A73DB5900BEA5F6 /* SignIn */,
				35EF25D02A73DB5B00BEA5F6 /* SignInTests */,
				35EF25DA2A73DB5B00BEA5F6 /* SignInUITests */,
			);
		};
/* End PBXProject section */

/* Begin PBXResourcesBuildPhase section */
		35EF25B92A73DB5900BEA5F6 /* Resources */ = {
			isa = PBXResourcesBuildPhase;
			buildActionMask = 2147483647;
			files = (
				35EF25CB2A73DB5B00BEA5F6 /* LaunchScreen.storyboard in Resources */,
				35EF25C82A73DB5B00BEA5F6 /* Assets.xcassets in Resources */,
				35EF25C62A73DB5900BEA5F6 /* Main.storyboard in Resources */,
			);
			runOnlyForDeploymentPostprocessing = 0;
		};
		35EF25CF2A73DB5B00BEA5F6 /* Resources */ = {
			isa = PBXResourcesBuildPhase;
			buildActionMask = 2147483647;
			files = (
			);
			runOnlyForDeploymentPostprocessing = 0;
		};
		35EF25D92A73DB5B00BEA5F6 /* Resources */ = {
			isa = PBXResourcesBuildPhase;
			buildActionMask = 2147483647;
			files = (
			);
			runOnlyForDeploymentPostprocessing = 0;
		};
/* End PBXResourcesBuildPhase section */

/* Begin PBXSourcesBuildPhase section */
		35EF25B72A73DB5900BEA5F6 /* Sources */ = {
			isa = PBXSourcesBuildPhase;
			buildActionMask = 2147483647;
			files = (
				35EF25C32A73DB5900BEA5F6 /* ViewController.swift in Sources */,
				35EF25BF2A73DB5900BEA5F6 /* AppDelegate.swift in Sources */,
				35EF25C12A73DB5900BEA5F6 /* SceneDelegate.swift in Sources */,
			);
			runOnlyForDeploymentPostprocessing = 0;
		};
		35EF25CD2A73DB5B00BEA5F6 /* Sources */ = {
			isa = PBXSourcesBuildPhase;
			buildActionMask = 2147483647;
			files = (
				35EF25D62A73DB5B00BEA5F6 /* SignInTests.swift in Sources */,
			);
			runOnlyForDeploymentPostprocessing = 0;
		};
		35EF25D72A73DB5B00BEA5F6 /* Sources */ = {
			isa = PBXSourcesBuildPhase;
			buildActionMask = 2147483647;
			files = (
				35EF25E22A73DB5B00BEA5F6 /* SignInUITestsLaunchTests.swift in Sources */,
				35EF25E02A73DB5B00BEA5F6 /* SignInUITests.swift in Sources */,
			);
			runOnlyForDeploymentPostprocessing = 0;
		};
/* End PBXSourcesBuildPhase section */

/* Begin PBXTargetDependency section */
		35EF25D32A73DB5B00BEA5F6 /* PBXTargetDependency */ = {
			isa = PBXTargetDependency;
			target = 35EF25BA2A73DB5900BEA5F6 /* SignIn */;
			targetProxy = 35EF25D22A73DB5B00BEA5F6 /* PBXContainerItemProxy */;
		};
		35EF25DD2A73DB5B00BEA5F6 /* PBXTargetDependency */ = {
			isa = PBXTargetDependency;
			target = 35EF25BA2A73DB5900BEA5F6 /* SignIn */;
			targetProxy = 35EF25DC2A73DB5B00BEA5F6 /* PBXContainerItemProxy */;
		};
/* End PBXTargetDependency section */

/* Begin PBXVariantGroup section */
		35EF25C42A73DB5900BEA5F6 /* Main.storyboard */ = {
			isa = PBXVariantGroup;
			children = (
				35EF25C52A73DB5900BEA5F6 /* Base */,
			);
			name = Main.storyboard;
			sourceTree = "<group>";
		};
		35EF25C92A73DB5B00BEA5F6 /* LaunchScreen.storyboard */ = {
			isa = PBXVariantGroup;
			children = (
				35EF25CA2A73DB5B00BEA5F6 /* Base */,
			);
			name = LaunchScreen.storyboard;
			sourceTree = "<group>";
		};
/* End PBXVariantGroup section */

/* Begin XCBuildConfiguration section */
		35EF25E32A73DB5B00BEA5F6 /* Debug */ = {
			isa = XCBuildConfiguration;
			buildSettings = {
				ALWAYS_SEARCH_USER_PATHS = NO;
				CLANG_ANALYZER_NONNULL = YES;
				CLANG_ANALYZER_NUMBER_OBJECT_CONVERSION = YES_AGGRESSIVE;
				CLANG_CXX_LANGUAGE_STANDARD = "gnu++20";
				CLANG_ENABLE_MODULES = YES;
				CLANG_ENABLE_OBJC_ARC = YES;
				CLANG_ENABLE_OBJC_WEAK = YES;
				CLANG_WARN_BLOCK_CAPTURE_AUTORELEASING = YES;
				CLANG_WARN_BOOL_CONVERSION = YES;
				CLANG_WARN_COMMA = YES;
				CLANG_WARN_CONSTANT_CONVERSION = YES;
				CLANG_WARN_DEPRECATED_OBJC_IMPLEMENTATIONS = YES;
				CLANG_WARN_DIRECT_OBJC_ISA_USAGE = YES_ERROR;
				CLANG_WARN_DOCUMENTATION_COMMENTS = YES;
				CLANG_WARN_EMPTY_BODY = YES;
				CLANG_WARN_ENUM_CONVERSION = YES;
				CLANG_WARN_INFINITE_RECURSION = YES;
				CLANG_WARN_INT_CONVERSION = YES;
				CLANG_WARN_NON_LITERAL_NULL_CONVERSION = YES;
				CLANG_WARN_OBJC_IMPLICIT_RETAIN_SELF = YES;
				CLANG_WARN_OBJC_LITERAL_CONVERSION = YES;
				CLANG_WARN_OBJC_ROOT_CLASS = YES_ERROR;
				CLANG_WARN_QUOTED_INCLUDE_IN_FRAMEWORK_HEADER = YES;
				CLANG_WARN_RANGE_LOOP_ANALYSIS = YES;
				CLANG_WARN_STRICT_PROTOTYPES = YES;
				CLANG_WARN_SUSPICIOUS_MOVE = YES;
				CLANG_WARN_UNGUARDED_AVAILABILITY = YES_AGGRESSIVE;
				CLANG_WARN_UNREACHABLE_CODE = YES;
				CLANG_WARN__DUPLICATE_METHOD_MATCH = YES;
				COPY_PHASE_STRIP = NO;
				DEBUG_INFORMATION_FORMAT = dwarf;
				ENABLE_STRICT_OBJC_MSGSEND = YES;
				ENABLE_TESTABILITY = YES;
				GCC_C_LANGUAGE_STANDARD = gnu11;
				GCC_DYNAMIC_NO_PIC = NO;
				GCC_NO_COMMON_BLOCKS = YES;
				GCC_OPTIMIZATION_LEVEL = 0;
				GCC_PREPROCESSOR_DEFINITIONS = (
					"DEBUG=1",
					"$(inherited)",
				);
				GCC_WARN_64_TO_32_BIT_CONVERSION = YES;
				GCC_WARN_ABOUT_RETURN_TYPE = YES_ERROR;
				GCC_WARN_UNDECLARED_SELECTOR = YES;
				GCC_WARN_UNINITIALIZED_AUTOS = YES_AGGRESSIVE;
				GCC_WARN_UNUSED_FUNCTION = YES;
				GCC_WARN_UNUSED_VARIABLE = YES;
				IPHONEOS_DEPLOYMENT_TARGET = 16.4;
				MTL_ENABLE_DEBUG_INFO = INCLUDE_SOURCE;
				MTL_FAST_MATH = YES;
				ONLY_ACTIVE_ARCH = YES;
				SDKROOT = iphoneos;
				SWIFT_ACTIVE_COMPILATION_CONDITIONS = DEBUG;
				SWIFT_OPTIMIZATION_LEVEL = "-Onone";
			};
			name = Debug;
		};
		35EF25E42A73DB5B00BEA5F6 /* Release */ = {
			isa = XCBuildConfiguration;
			buildSettings = {
				ALWAYS_SEARCH_USER_PATHS = NO;
				CLANG_ANALYZER_NONNULL = YES;
				CLANG_ANALYZER_NUMBER_OBJECT_CONVERSION = YES_AGGRESSIVE;
				CLANG_CXX_LANGUAGE_STANDARD = "gnu++20";
				CLANG_ENABLE_MODULES = YES;
				CLANG_ENABLE_OBJC_ARC = YES;
				CLANG_ENABLE_OBJC_WEAK = YES;
				CLANG_WARN_BLOCK_CAPTURE_AUTORELEASING = YES;
				CLANG_WARN_BOOL_CONVERSION = YES;
				CLANG_WARN_COMMA = YES;
				CLANG_WARN_CONSTANT_CONVERSION = YES;
				CLANG_WARN_DEPRECATED_OBJC_IMPLEMENTATIONS = YES;
				CLANG_WARN_DIRECT_OBJC_ISA_USAGE = YES_ERROR;
				CLANG_WARN_DOCUMENTATION_COMMENTS = YES;
				CLANG_WARN_EMPTY_BODY = YES;
				CLANG_WARN_ENUM_CONVERSION = YES;
				CLANG_WARN_INFINITE_RECURSION = YES;
				CLANG_WARN_INT_CONVERSION = YES;
				CLANG_WARN_NON_LITERAL_NULL_CONVERSION = YES;
				CLANG_WARN_OBJC_IMPLICIT_RETAIN_SELF = YES;
				CLANG_WARN_OBJC_LITERAL_CONVERSION = YES;
				CLANG_WARN_OBJC_ROOT_CLASS = YES_ERROR;
				CLANG_WARN_QUOTED_INCLUDE_IN_FRAMEWORK_HEADER = YES;
				CLANG_WARN_RANGE_LOOP_ANALYSIS = YES;
				CLANG_WARN_STRICT_PROTOTYPES = YES;
				CLANG_WARN_SUSPICIOUS_MOVE = YES;
				CLANG_WARN_UNGUARDED_AVAILABILITY = YES_AGGRESSIVE;
				CLANG_WARN_UNREACHABLE_CODE = YES;
				CLANG_WARN__DUPLICATE_METHOD_MATCH = YES;
				COPY_PHASE_STRIP = NO;
				DEBUG_INFORMATION_FORMAT = "dwarf-with-dsym";
				ENABLE_NS_ASSERTIONS = NO;
				ENABLE_STRICT_OBJC_MSGSEND = YES;
				GCC_C_LANGUAGE_STANDARD = gnu11;
				GCC_NO_COMMON_BLOCKS = YES;
				GCC_WARN_64_TO_32_BIT_CONVERSION = YES;
				GCC_WARN_ABOUT_RETURN_TYPE = YES_ERROR;
				GCC_WARN_UNDECLARED_SELECTOR = YES;
				GCC_WARN_UNINITIALIZED_AUTOS = YES_AGGRESSIVE;
				GCC_WARN_UNUSED_FUNCTION = YES;
				GCC_WARN_UNUSED_VARIABLE = YES;
				IPHONEOS_DEPLOYMENT_TARGET = 16.4;
				MTL_ENABLE_DEBUG_INFO = NO;
				MTL_FAST_MATH = YES;
				SDKROOT = iphoneos;
				SWIFT_COMPILATION_MODE = wholemodule;
				SWIFT_OPTIMIZATION_LEVEL = "-O";
				VALIDATE_PRODUCT = YES;
			};
			name = Release;
		};
		35EF25E62A73DB5B00BEA5F6 /* Debug */ = {
			isa = XCBuildConfiguration;
			buildSettings = {
				ASSETCATALOG_COMPILER_APPICON_NAME = AppIcon;
				ASSETCATALOG_COMPILER_GLOBAL_ACCENT_COLOR_NAME = AccentColor;
				"CODE_SIGN_IDENTITY[sdk=iphoneos*]" = "iPhone Developer";
				CODE_SIGN_STYLE = Manual;
				CURRENT_PROJECT_VERSION = 1;
				DEVELOPMENT_TEAM = "";
				"DEVELOPMENT_TEAM[sdk=iphoneos*]" = X372X3URRM;
				GENERATE_INFOPLIST_FILE = YES;
				INFOPLIST_FILE = SignIn/Info.plist;
				INFOPLIST_KEY_UIApplicationSupportsIndirectInputEvents = YES;
				INFOPLIST_KEY_UILaunchStoryboardName = LaunchScreen;
				INFOPLIST_KEY_UIMainStoryboardFile = Main;
				INFOPLIST_KEY_UISupportedInterfaceOrientations_iPad = "UIInterfaceOrientationPortrait UIInterfaceOrientationPortraitUpsideDown UIInterfaceOrientationLandscapeLeft UIInterfaceOrientationLandscapeRight";
				INFOPLIST_KEY_UISupportedInterfaceOrientations_iPhone = "UIInterfaceOrientationPortrait UIInterfaceOrientationLandscapeLeft UIInterfaceOrientationLandscapeRight";
				LD_RUNPATH_SEARCH_PATHS = (
					"$(inherited)",
					"@executable_path/Frameworks",
				);
				MARKETING_VERSION = 1.0;
				PRODUCT_BUNDLE_IDENTIFIER = com.newProject.SignIn;
				PRODUCT_NAME = "$(TARGET_NAME)";
				PROVISIONING_PROFILE_SPECIFIER = "";
				"PROVISIONING_PROFILE_SPECIFIER[sdk=iphoneos*]" = DemoTest;
				SWIFT_EMIT_LOC_STRINGS = YES;
				SWIFT_VERSION = 5.0;
				TARGETED_DEVICE_FAMILY = "1,2";
			};
			name = Debug;
		};
		35EF25E72A73DB5B00BEA5F6 /* Release */ = {
			isa = XCBuildConfiguration;
			buildSettings = {
				ASSETCATALOG_COMPILER_APPICON_NAME = AppIcon;
				ASSETCATALOG_COMPILER_GLOBAL_ACCENT_COLOR_NAME = AccentColor;
				"CODE_SIGN_IDENTITY[sdk=iphoneos*]" = "iPhone Developer";
				CODE_SIGN_STYLE = Manual;
				CURRENT_PROJECT_VERSION = 1;
				DEVELOPMENT_TEAM = "";
				"DEVELOPMENT_TEAM[sdk=iphoneos*]" = X372X3URRM;
				GENERATE_INFOPLIST_FILE = YES;
				INFOPLIST_FILE = SignIn/Info.plist;
				INFOPLIST_KEY_UIApplicationSupportsIndirectInputEvents = YES;
				INFOPLIST_KEY_UILaunchStoryboardName = LaunchScreen;
				INFOPLIST_KEY_UIMainStoryboardFile = Main;
				INFOPLIST_KEY_UISupportedInterfaceOrientations_iPad = "UIInterfaceOrientationPortrait UIInterfaceOrientationPortraitUpsideDown UIInterfaceOrientationLandscapeLeft UIInterfaceOrientationLandscapeRight";
				INFOPLIST_KEY_UISupportedInterfaceOrientations_iPhone = "UIInterfaceOrientationPortrait UIInterfaceOrientationLandscapeLeft UIInterfaceOrientationLandscapeRight";
				LD_RUNPATH_SEARCH_PATHS = (
					"$(inherited)",
					"@executable_path/Frameworks",
				);
				MARKETING_VERSION = 1.0;
				PRODUCT_BUNDLE_IDENTIFIER = com.newProject.SignIn;
				PRODUCT_NAME = "$(TARGET_NAME)";
				PROVISIONING_PROFILE_SPECIFIER = "";
				"PROVISIONING_PROFILE_SPECIFIER[sdk=iphoneos*]" = DemoTest;
				SWIFT_EMIT_LOC_STRINGS = YES;
				SWIFT_VERSION = 5.0;
				TARGETED_DEVICE_FAMILY = "1,2";
			};
			name = Release;
		};
		35EF25E92A73DB5B00BEA5F6 /* Debug */ = {
			isa = XCBuildConfiguration;
			buildSettings = {
				ALWAYS_EMBED_SWIFT_STANDARD_LIBRARIES = YES;
				BUNDLE_LOADER = "$(TEST_HOST)";
				CODE_SIGN_STYLE = Automatic;
				CURRENT_PROJECT_VERSION = 1;
				DEVELOPMENT_TEAM = X372X3URRM;
				GENERATE_INFOPLIST_FILE = YES;
				IPHONEOS_DEPLOYMENT_TARGET = 16.4;
				MARKETING_VERSION = 1.0;
				PRODUCT_BUNDLE_IDENTIFIER = com.newProject.SignInTests;
				PRODUCT_NAME = "$(TARGET_NAME)";
				SWIFT_EMIT_LOC_STRINGS = NO;
				SWIFT_VERSION = 5.0;
				TARGETED_DEVICE_FAMILY = "1,2";
				TEST_HOST = "$(BUILT_PRODUCTS_DIR)/SignIn.app/$(BUNDLE_EXECUTABLE_FOLDER_PATH)/SignIn";
			};
			name = Debug;
		};
		35EF25EA2A73DB5B00BEA5F6 /* Release */ = {
			isa = XCBuildConfiguration;
			buildSettings = {
				ALWAYS_EMBED_SWIFT_STANDARD_LIBRARIES = YES;
				BUNDLE_LOADER = "$(TEST_HOST)";
				CODE_SIGN_STYLE = Automatic;
				CURRENT_PROJECT_VERSION = 1;
				DEVELOPMENT_TEAM = X372X3URRM;
				GENERATE_INFOPLIST_FILE = YES;
				IPHONEOS_DEPLOYMENT_TARGET = 16.4;
				MARKETING_VERSION = 1.0;
				PRODUCT_BUNDLE_IDENTIFIER = com.newProject.SignInTests;
				PRODUCT_NAME = "$(TARGET_NAME)";
				SWIFT_EMIT_LOC_STRINGS = NO;
				SWIFT_VERSION = 5.0;
				TARGETED_DEVICE_FAMILY = "1,2";
				TEST_HOST = "$(BUILT_PRODUCTS_DIR)/SignIn.app/$(BUNDLE_EXECUTABLE_FOLDER_PATH)/SignIn";
			};
			name = Release;
		};
		35EF25EC2A73DB5B00BEA5F6 /* Debug */ = {
			isa = XCBuildConfiguration;
			buildSettings = {
				ALWAYS_EMBED_SWIFT_STANDARD_LIBRARIES = YES;
				CODE_SIGN_STYLE = Automatic;
				CURRENT_PROJECT_VERSION = 1;
				DEVELOPMENT_TEAM = X372X3URRM;
				GENERATE_INFOPLIST_FILE = YES;
				MARKETING_VERSION = 1.0;
				PRODUCT_BUNDLE_IDENTIFIER = com.newProject.SignInUITests;
				PRODUCT_NAME = "$(TARGET_NAME)";
				SWIFT_EMIT_LOC_STRINGS = NO;
				SWIFT_VERSION = 5.0;
				TARGETED_DEVICE_FAMILY = "1,2";
				TEST_TARGET_NAME = SignIn;
			};
			name = Debug;
		};
		35EF25ED2A73DB5B00BEA5F6 /* Release */ = {
			isa = XCBuildConfiguration;
			buildSettings = {
				ALWAYS_EMBED_SWIFT_STANDARD_LIBRARIES = YES;
				CODE_SIGN_STYLE = Automatic;
				CURRENT_PROJECT_VERSION = 1;
				DEVELOPMENT_TEAM = X372X3URRM;
				GENERATE_INFOPLIST_FILE = YES;
				MARKETING_VERSION = 1.0;
				PRODUCT_BUNDLE_IDENTIFIER = com.newProject.SignInUITests;
				PRODUCT_NAME = "$(TARGET_NAME)";
				SWIFT_EMIT_LOC_STRINGS = NO;
				SWIFT_VERSION = 5.0;
				TARGETED_DEVICE_FAMILY = "1,2";
				TEST_TARGET_NAME = SignIn;
			};
			name = Release;
		};
/* End XCBuildConfiguration section */

/* Begin XCConfigurationList section */
		35EF25B62A73DB5900BEA5F6 /* Build configuration list for PBXProject "SignIn" */ = {
			isa = XCConfigurationList;
			buildConfigurations = (
				35EF25E32A73DB5B00BEA5F6 /* Debug */,
				35EF25E42A73DB5B00BEA5F6 /* Release */,
			);
			defaultConfigurationIsVisible = 0;
			defaultConfigurationName = Release;
		};
		35EF25E52A73DB5B00BEA5F6 /* Build configuration list for PBXNativeTarget "SignIn" */ = {
			isa = XCConfigurationList;
			buildConfigurations = (
				35EF25E62A73DB5B00BEA5F6 /* Debug */,
				35EF25E72A73DB5B00BEA5F6 /* Release */,
			);
			defaultConfigurationIsVisible = 0;
			defaultConfigurationName = Release;
		};
		35EF25E82A73DB5B00BEA5F6 /* Build configuration list for PBXNativeTarget "SignInTests" */ = {
			isa = XCConfigurationList;
			buildConfigurations = (
				35EF25E92A73DB5B00BEA5F6 /* Debug */,
				35EF25EA2A73DB5B00BEA5F6 /* Release */,
			);
			defaultConfigurationIsVisible = 0;
			defaultConfigurationName = Release;
		};
		35EF25EB2A73DB5B00BEA5F6 /* Build configuration list for PBXNativeTarget "SignInUITests" */ = {
			isa = XCConfigurationList;
			buildConfigurations = (
				35EF25EC2A73DB5B00BEA5F6 /* Debug */,
				35EF25ED2A73DB5B00BEA5F6 /* Release */,
			);
			defaultConfigurationIsVisible = 0;
			defaultConfigurationName = Release;
		};
/* End XCConfigurationList section */
	};
	rootObject = 35EF25B32A73DB5900BEA5F6 /* Project object */;
}
